{
  "name": "arpux_HTML",
  "lockfileVersion": 3,
  "requires": true,
  "packages": {
    "": {
      "dependencies": {
        "@prismicio/client": "^7.17.3"
      }
    },
    "node_modules/@prismicio/client": {
      "version": "7.17.3",
      "resolved": "https://registry.npmjs.org/@prismicio/client/-/client-7.17.3.tgz",
      "integrity": "sha512-xzJslxmPdnVq7VG+6tSsbWgtmZNiTo+qxANF4kz/Il0DiPrsnVc18jXkzBkIC44GAJPl/mHBorHL7CDuYua2Vg==",
      "license": "Apache-2.0",
      "dependencies": {
        "imgix-url-builder": "^0.0.6"
      },
      "engines": {
        "node": ">=14.15.0"
      }
    },
    "node_modules/imgix-url-builder": {
      "version": "0.0.6",
      "resolved": "https://registry.npmjs.org/imgix-url-builder/-/imgix-url-builder-0.0.6.tgz",
      "integrity": "sha512-lFVbvaE9vMck8qz9j+y6o7vsyc1vZhdqzWu+Wp/nlnOCi9zAErc31QMkZKYUGMNLLzxOO4YIBAUPndTPah8HFg==",
      "license": "Apache-2.0",
      "engines": {
        "node": ">=12.7.0"
      }
    }
  }
}
